
Microsoft Visual Studio Solution File, Format Version 10.00
# Visual Studio 2008
Project("{FAE04EC0-301F-11D3-BF4B-00C04F79EFBC}") = "Reanimator", "Reanimator.csproj", "{8A8B82E9-BCC8-4550-9740-AC611E48F92A}"
EndProject
Project("{FAE04EC0-301F-11D3-BF4B-00C04F79EFBC}") = "FileTools", "..\dlls\FileTools\FileTools.csproj", "{D6EC58F1-C9CF-44FA-897C-5886BF47F896}"
EndProject
Project("{FAE04EC0-301F-11D3-BF4B-00C04F79EFBC}") = "PluginInterface", "..\dlls\PluginInterface\PluginInterface.csproj", "{BE3D0936-DA75-4F25-A698-602692647B4E}"
EndProject
Project("{FAE04EC0-301F-11D3-BF4B-00C04F79EFBC}") = "Excel", "..\dlls\Excel\Excel.csproj", "{00EE8BAB-A17B-4B0B-9A54-B10AED8D0549}"
EndProject
Global
	GlobalSection(SolutionConfigurationPlatforms) = preSolution
		Debug|Any CPU = Debug|Any CPU
		Debug|x64 = Debug|x64
		Debug|x86 = Debug|x86
		Release|Any CPU = Release|Any CPU
		Release|x64 = Release|x64
		Release|x86 = Release|x86
	EndGlobalSection
	GlobalSection(ProjectConfigurationPlatforms) = postSolution
		{8A8B82E9-BCC8-4550-9740-AC611E48F92A}.Debug|Any CPU.ActiveCfg = Debug|Any CPU
		{8A8B82E9-BCC8-4550-9740-AC611E48F92A}.Debug|Any CPU.Build.0 = Debug|Any CPU
		{8A8B82E9-BCC8-4550-9740-AC611E48F92A}.Debug|x64.ActiveCfg = Debug|x64
		{8A8B82E9-BCC8-4550-9740-AC611E48F92A}.Debug|x64.Build.0 = Debug|x64
		{8A8B82E9-BCC8-4550-9740-AC611E48F92A}.Debug|x86.ActiveCfg = Debug|x86
		{8A8B82E9-BCC8-4550-9740-AC611E48F92A}.Debug|x86.Build.0 = Debug|x86
		{8A8B82E9-BCC8-4550-9740-AC611E48F92A}.Release|Any CPU.ActiveCfg = Release|Any CPU
		{8A8B82E9-BCC8-4550-9740-AC611E48F92A}.Release|Any CPU.Build.0 = Release|Any CPU
		{8A8B82E9-BCC8-4550-9740-AC611E48F92A}.Release|x64.ActiveCfg = Release|x64
		{8A8B82E9-BCC8-4550-9740-AC611E48F92A}.Release|x64.Build.0 = Release|x64
		{8A8B82E9-BCC8-4550-9740-AC611E48F92A}.Release|x86.ActiveCfg = Release|Any CPU
		{D6EC58F1-C9CF-44FA-897C-5886BF47F896}.Debug|Any CPU.ActiveCfg = Debug|Any CPU
		{D6EC58F1-C9CF-44FA-897C-5886BF47F896}.Debug|Any CPU.Build.0 = Debug|Any CPU
		{D6EC58F1-C9CF-44FA-897C-5886BF47F896}.Debug|x64.ActiveCfg = Debug|x64
		{D6EC58F1-C9CF-44FA-897C-5886BF47F896}.Debug|x64.Build.0 = Debug|x64
		{D6EC58F1-C9CF-44FA-897C-5886BF47F896}.Debug|x86.ActiveCfg = Debug|x86
		{D6EC58F1-C9CF-44FA-897C-5886BF47F896}.Debug|x86.Build.0 = Debug|x86
		{D6EC58F1-C9CF-44FA-897C-5886BF47F896}.Release|Any CPU.ActiveCfg = Release|Any CPU
		{D6EC58F1-C9CF-44FA-897C-5886BF47F896}.Release|Any CPU.Build.0 = Release|Any CPU
		{D6EC58F1-C9CF-44FA-897C-5886BF47F896}.Release|x64.ActiveCfg = Release|x64
		{D6EC58F1-C9CF-44FA-897C-5886BF47F896}.Release|x64.Build.0 = Release|x64
		{D6EC58F1-C9CF-44FA-897C-5886BF47F896}.Release|x86.ActiveCfg = Release|Any CPU
		{BE3D0936-DA75-4F25-A698-602692647B4E}.Debug|Any CPU.ActiveCfg = Debug|Any CPU
		{BE3D0936-DA75-4F25-A698-602692647B4E}.Debug|Any CPU.Build.0 = Debug|Any CPU
		{BE3D0936-DA75-4F25-A698-602692647B4E}.Debug|x64.ActiveCfg = Debug|x64
		{BE3D0936-DA75-4F25-A698-602692647B4E}.Debug|x64.Build.0 = Debug|x64
		{BE3D0936-DA75-4F25-A698-602692647B4E}.Debug|x86.ActiveCfg = Debug|x86
		{BE3D0936-DA75-4F25-A698-602692647B4E}.Debug|x86.Build.0 = Debug|x86
		{BE3D0936-DA75-4F25-A698-602692647B4E}.Release|Any CPU.ActiveCfg = Release|Any CPU
		{BE3D0936-DA75-4F25-A698-602692647B4E}.Release|Any CPU.Build.0 = Release|Any CPU
		{BE3D0936-DA75-4F25-A698-602692647B4E}.Release|x64.ActiveCfg = Release|x64
		{BE3D0936-DA75-4F25-A698-602692647B4E}.Release|x64.Build.0 = Release|x64
		{BE3D0936-DA75-4F25-A698-602692647B4E}.Release|x86.ActiveCfg = Release|x86
		{BE3D0936-DA75-4F25-A698-602692647B4E}.Release|x86.Build.0 = Release|x86
		{00EE8BAB-A17B-4B0B-9A54-B10AED8D0549}.Debug|Any CPU.ActiveCfg = Debug|Any CPU
		{00EE8BAB-A17B-4B0B-9A54-B10AED8D0549}.Debug|Any CPU.Build.0 = Debug|Any CPU
		{00EE8BAB-A17B-4B0B-9A54-B10AED8D0549}.Debug|x64.ActiveCfg = Debug|x64
		{00EE8BAB-A17B-4B0B-9A54-B10AED8D0549}.Debug|x64.Build.0 = Debug|x64
		{00EE8BAB-A17B-4B0B-9A54-B10AED8D0549}.Debug|x86.ActiveCfg = Debug|x86
		{00EE8BAB-A17B-4B0B-9A54-B10AED8D0549}.Release|Any CPU.ActiveCfg = Release|Any CPU
		{00EE8BAB-A17B-4B0B-9A54-B10AED8D0549}.Release|Any CPU.Build.0 = Release|Any CPU
		{00EE8BAB-A17B-4B0B-9A54-B10AED8D0549}.Release|x64.ActiveCfg = Release|Any CPU
		{00EE8BAB-A17B-4B0B-9A54-B10AED8D0549}.Release|x86.ActiveCfg = Release|Any CPU
	EndGlobalSection
	GlobalSection(SolutionProperties) = preSolution
		HideSolutionNode = FALSE
	EndGlobalSection
EndGlobal
